{
  "name": "@9r3i/mserver.js-sample",
  "version": "1.0.0",
  "lockfileVersion": 3,
  "requires": true,
  "packages": {
    "": {
      "name": "@9r3i/mserver.js-sample",
      "version": "1.0.0",
      "license": "MIT",
      "dependencies": {
        "@9r3i/mserver": "^1.0.8"
      }
    },
    "node_modules/@9r3i/mserver": {
      "version": "1.0.8",
      "resolved": "https://registry.npmjs.org/@9r3i/mserver/-/mserver-1.0.8.tgz",
      "integrity": "sha512-G3ZntbacDj3cLFO0qB74QyykWdYusisI78hxsO635ACoALpI2LSegQ+b8iAB7HT0sqVYgMQ6+hmmsIhqFiTY5Q==",
      "license": "MIT"
    }
  }
}
